
Microsoft Visual Studio Solution File, Format Version 12.00
# Visual Studio Version 17
VisualStudioVersion = 17.9.34616.47
MinimumVisualStudioVersion = 10.0.40219.1
Project("{9A19103F-16F7-4668-BE54-9A1E7A4F7556}") = "Persistance", "Persistance\Persistance.csproj", "{C5B79FBE-A9BF-405C-9BF5-7D1739C15407}"
EndProject
Project("{9A19103F-16F7-4668-BE54-9A1E7A4F7556}") = "Domain", "Domain\Domain.csproj", "{55BD0818-7A01-44C1-BB2B-B6D57A8404C5}"
EndProject
Project("{9A19103F-16F7-4668-BE54-9A1E7A4F7556}") = "Application", "Application\Application.csproj", "{60C8FFFF-C321-4934-A5EC-58E5D63CC20C}"
EndProject
Project("{9A19103F-16F7-4668-BE54-9A1E7A4F7556}") = "Infrastructure", "Infrastructure\Infrastructure.csproj", "{D42F3A05-B526-4371-B00A-6C20A7A41499}"
EndProject
Project("{FAE04EC0-301F-11D3-BF4B-00C04F79EFBC}") = "WebApi", "WebApi\WebApi.csproj", "{1F58E9D8-30C7-4BD0-9D2F-8F79CBA1C5AF}"
EndProject
Global
	GlobalSection(SolutionConfigurationPlatforms) = preSolution
		Debug|Any CPU = Debug|Any CPU
		Release|Any CPU = Release|Any CPU
	EndGlobalSection
	GlobalSection(ProjectConfigurationPlatforms) = postSolution
		{C5B79FBE-A9BF-405C-9BF5-7D1739C15407}.Debug|Any CPU.ActiveCfg = Debug|Any CPU
		{C5B79FBE-A9BF-405C-9BF5-7D1739C15407}.Debug|Any CPU.Build.0 = Debug|Any CPU
		{C5B79FBE-A9BF-405C-9BF5-7D1739C15407}.Release|Any CPU.ActiveCfg = Release|Any CPU
		{C5B79FBE-A9BF-405C-9BF5-7D1739C15407}.Release|Any CPU.Build.0 = Release|Any CPU
		{55BD0818-7A01-44C1-BB2B-B6D57A8404C5}.Debug|Any CPU.ActiveCfg = Debug|Any CPU
		{55BD0818-7A01-44C1-BB2B-B6D57A8404C5}.Debug|Any CPU.Build.0 = Debug|Any CPU
		{55BD0818-7A01-44C1-BB2B-B6D57A8404C5}.Release|Any CPU.ActiveCfg = Release|Any CPU
		{55BD0818-7A01-44C1-BB2B-B6D57A8404C5}.Release|Any CPU.Build.0 = Release|Any CPU
		{60C8FFFF-C321-4934-A5EC-58E5D63CC20C}.Debug|Any CPU.ActiveCfg = Debug|Any CPU
		{60C8FFFF-C321-4934-A5EC-58E5D63CC20C}.Debug|Any CPU.Build.0 = Debug|Any CPU
		{60C8FFFF-C321-4934-A5EC-58E5D63CC20C}.Release|Any CPU.ActiveCfg = Release|Any CPU
		{60C8FFFF-C321-4934-A5EC-58E5D63CC20C}.Release|Any CPU.Build.0 = Release|Any CPU
		{D42F3A05-B526-4371-B00A-6C20A7A41499}.Debug|Any CPU.ActiveCfg = Debug|Any CPU
		{D42F3A05-B526-4371-B00A-6C20A7A41499}.Debug|Any CPU.Build.0 = Debug|Any CPU
		{D42F3A05-B526-4371-B00A-6C20A7A41499}.Release|Any CPU.ActiveCfg = Release|Any CPU
		{D42F3A05-B526-4371-B00A-6C20A7A41499}.Release|Any CPU.Build.0 = Release|Any CPU
		{1F58E9D8-30C7-4BD0-9D2F-8F79CBA1C5AF}.Debug|Any CPU.ActiveCfg = Debug|Any CPU
		{1F58E9D8-30C7-4BD0-9D2F-8F79CBA1C5AF}.Debug|Any CPU.Build.0 = Debug|Any CPU
		{1F58E9D8-30C7-4BD0-9D2F-8F79CBA1C5AF}.Release|Any CPU.ActiveCfg = Release|Any CPU
		{1F58E9D8-30C7-4BD0-9D2F-8F79CBA1C5AF}.Release|Any CPU.Build.0 = Release|Any CPU
	EndGlobalSection
	GlobalSection(SolutionProperties) = preSolution
		HideSolutionNode = FALSE
	EndGlobalSection
	GlobalSection(ExtensibilityGlobals) = postSolution
		SolutionGuid = {6EECF5D7-AC52-4965-AD3C-1B81F8CDC605}
	EndGlobalSection
EndGlobal
